
Microsoft Visual Studio Solution File, Format Version 12.00
# Visual Studio 15
VisualStudioVersion = 15.0.27703.2047
MinimumVisualStudioVersion = 10.0.40219.1
Project("{FAE04EC0-301F-11D3-BF4B-00C04F79EFBC}") = "Site_classe", "Site_classe\Site_classe.csproj", "{20CCDD0F-E355-4016-8157-38F0B6208A24}"
EndProject
Global
	GlobalSection(SolutionConfigurationPlatforms) = preSolution
		Debug|Any CPU = Debug|Any CPU
		Release|Any CPU = Release|Any CPU
	EndGlobalSection
	GlobalSection(ProjectConfigurationPlatforms) = postSolution
		{20CCDD0F-E355-4016-8157-38F0B6208A24}.Debug|Any CPU.ActiveCfg = Debug|Any CPU
		{20CCDD0F-E355-4016-8157-38F0B6208A24}.Debug|Any CPU.Build.0 = Debug|Any CPU
		{20CCDD0F-E355-4016-8157-38F0B6208A24}.Release|Any CPU.ActiveCfg = Release|Any CPU
		{20CCDD0F-E355-4016-8157-38F0B6208A24}.Release|Any CPU.Build.0 = Release|Any CPU
	EndGlobalSection
	GlobalSection(SolutionProperties) = preSolution
		HideSolutionNode = FALSE
	EndGlobalSection
	GlobalSection(ExtensibilityGlobals) = postSolution
		SolutionGuid = {8A5B899C-1FFF-4F50-926C-6828B7C1159B}
	EndGlobalSection
EndGlobal
